
Microsoft Visual Studio Solution File, Format Version 12.00
Project("{FAE04EC0-301F-11D3-BF4B-00C04F79EFBC}") = "BIMExpertise", "BIMExpertise\BIMExpertise.csproj", "{CD60383D-F316-405F-9BC8-A89E548997F7}"
EndProject
Project("{FAE04EC0-301F-11D3-BF4B-00C04F79EFBC}") = "Walls", "Walls\Walls.csproj", "{D4174A54-04FF-4476-A6BE-D5FE09B5190F}"
EndProject
Project("{2150E333-8FDC-42A3-9474-1A3956D46DE8}") = "Architecture/construction", "Architecture/construction", "{1C317F91-4032-4348-9E74-BBEF1138A3E5}"
EndProject
Project("{2150E333-8FDC-42A3-9474-1A3956D46DE8}") = "Pipe", "Pipe", "{A596F46B-3B79-428B-84F6-8DD082EE650D}"
EndProject
Project("{2150E333-8FDC-42A3-9474-1A3956D46DE8}") = "General", "General", "{38114640-BD93-4894-BF1E-6A15690D3A31}"
EndProject
Project("{FAE04EC0-301F-11D3-BF4B-00C04F79EFBC}") = "Pipes", "Pipes\Pipes.csproj", "{367C83E9-40D3-46D5-ADB4-EDFC1F9C1352}"
EndProject
Project("{FAE04EC0-301F-11D3-BF4B-00C04F79EFBC}") = "PipesFittings", "PipesFittings\PipesFittings.csproj", "{87DA6955-6D00-45C5-AA1C-4810CAF38010}"
EndProject
Project("{FAE04EC0-301F-11D3-BF4B-00C04F79EFBC}") = "SpaceHeater", "SpaceHeater\SpaceHeater.csproj", "{9C8259FD-2C3B-451E-A36F-059746796144}"
EndProject
Project("{FAE04EC0-301F-11D3-BF4B-00C04F79EFBC}") = "Valve", "Valve\Valve.csproj", "{760D027D-18F8-4DFC-A001-8AA4AFD573D0}"
EndProject
Project("{FAE04EC0-301F-11D3-BF4B-00C04F79EFBC}") = "KapibaraCore", "KapibaraCore\KapibaraCore.csproj", "{52A847B1-D2E8-4D72-9814-07C641B2D684}"
EndProject
Project("{FAE04EC0-301F-11D3-BF4B-00C04F79EFBC}") = "WpfResourcesBimExpertise", "WpfResourcesBimExpertise\WpfResourcesBimExpertise.csproj", "{BDEE41C4-81F3-4593-9204-FFA180324535}"
EndProject
Project("{2150E333-8FDC-42A3-9474-1A3956D46DE8}") = "Setup", "Setup", "{F3956C35-CDFA-49DA-A171-3A8CB20486EE}"
EndProject
Project("{FAE04EC0-301F-11D3-BF4B-00C04F79EFBC}") = "Build", "Build\Build.csproj", "{A48FD31C-CB8C-4BAB-8192-64E855B5C09C}"
EndProject
Project("{2150E333-8FDC-42A3-9474-1A3956D46DE8}") = "Ventilation", "Ventilation", "{9F9958EA-7D27-4090-9700-85CCC2603183}"
EndProject
Project("{FAE04EC0-301F-11D3-BF4B-00C04F79EFBC}") = "Duct", "Duct\Duct.csproj", "{BDF35224-5C6C-4CFE-BAF3-00F0EACD6A47}"
EndProject
Project("{FAE04EC0-301F-11D3-BF4B-00C04F79EFBC}") = "AirTerminal", "AirTerminal\AirTerminal.csproj", "{1BC4BDFA-45EB-4EC2-ADF4-A93D5114E6B1}"
EndProject
Project("{FAE04EC0-301F-11D3-BF4B-00C04F79EFBC}") = "DuctFan", "DuctFan\DuctFan.csproj", "{31FDEE39-5CF5-420C-A407-B4FDD0EE4D9F}"
EndProject
Project("{FAE04EC0-301F-11D3-BF4B-00C04F79EFBC}") = "BimExpertiseCore", "BimExpertiseCore\BimExpertiseCore.csproj", "{DFC5A21D-1E3D-4265-BA33-07D963BC8CB6}"
EndProject
Project("{FAE04EC0-301F-11D3-BF4B-00C04F79EFBC}") = "Floor", "Floor\Floor.csproj", "{0E742A02-8679-473F-9ED8-DDE338F8C7D2}"
EndProject
Project("{FAE04EC0-301F-11D3-BF4B-00C04F79EFBC}") = "WPF.UI", "WPF.UI\source\WPF.UI\WPF.UI.csproj", "{101431C7-97C3-4830-8768-FF0239BF8BE4}"
EndProject
Project("{FAE04EC0-301F-11D3-BF4B-00C04F79EFBC}") = "WPF.UI.Abstractions", "WPF.UI\source\WPF.UI.Abstractions\WPF.UI.Abstractions.csproj", "{48611D5F-DB78-4AA2-B43A-799AA255CA27}"
EndProject
Project("{FAE04EC0-301F-11D3-BF4B-00C04F79EFBC}") = "FamilyInstance", "FamilyInstance\FamilyInstance.csproj", "{0C4DFAD1-6B06-4D18-A41F-5308A74F9894}"
EndProject
Project("{2150E333-8FDC-42A3-9474-1A3956D46DE8}") = "MepGeneral", "MepGeneral", "{4AAA2A78-086E-4B47-BCE8-DA4855F13B46}"
EndProject
Project("{FAE04EC0-301F-11D3-BF4B-00C04F79EFBC}") = "Insulation", "Insulation\Insulation.csproj", "{C58593B5-6999-4C63-9C93-C1DBE317D43B}"
EndProject
Global
	GlobalSection(SolutionConfigurationPlatforms) = preSolution
		Debug R20|Any CPU = Debug R20|Any CPU
		Debug R21|Any CPU = Debug R21|Any CPU
		Debug R22|Any CPU = Debug R22|Any CPU
		Debug R23|Any CPU = Debug R23|Any CPU
		Debug R24|Any CPU = Debug R24|Any CPU
		Debug R25|Any CPU = Debug R25|Any CPU
		Release R20|Any CPU = Release R20|Any CPU
		Release R21|Any CPU = Release R21|Any CPU
		Release R22|Any CPU = Release R22|Any CPU
		Release R23|Any CPU = Release R23|Any CPU
		Release R24|Any CPU = Release R24|Any CPU
		Release R25|Any CPU = Release R25|Any CPU
	EndGlobalSection
	GlobalSection(ProjectConfigurationPlatforms) = postSolution
		{CD60383D-F316-405F-9BC8-A89E548997F7}.Debug R20|Any CPU.ActiveCfg = Debug R20|Any CPU
		{CD60383D-F316-405F-9BC8-A89E548997F7}.Debug R20|Any CPU.Build.0 = Debug R20|Any CPU
		{CD60383D-F316-405F-9BC8-A89E548997F7}.Debug R21|Any CPU.ActiveCfg = Debug R21|Any CPU
		{CD60383D-F316-405F-9BC8-A89E548997F7}.Debug R21|Any CPU.Build.0 = Debug R21|Any CPU
		{CD60383D-F316-405F-9BC8-A89E548997F7}.Debug R22|Any CPU.ActiveCfg = Debug R22|Any CPU
		{CD60383D-F316-405F-9BC8-A89E548997F7}.Debug R22|Any CPU.Build.0 = Debug R22|Any CPU
		{CD60383D-F316-405F-9BC8-A89E548997F7}.Debug R23|Any CPU.ActiveCfg = Debug R23|Any CPU
		{CD60383D-F316-405F-9BC8-A89E548997F7}.Debug R23|Any CPU.Build.0 = Debug R23|Any CPU
		{CD60383D-F316-405F-9BC8-A89E548997F7}.Debug R24|Any CPU.ActiveCfg = Debug R24|Any CPU
		{CD60383D-F316-405F-9BC8-A89E548997F7}.Debug R24|Any CPU.Build.0 = Debug R24|Any CPU
		{CD60383D-F316-405F-9BC8-A89E548997F7}.Debug R25|Any CPU.ActiveCfg = Debug R25|Any CPU
		{CD60383D-F316-405F-9BC8-A89E548997F7}.Debug R25|Any CPU.Build.0 = Debug R25|Any CPU
		{CD60383D-F316-405F-9BC8-A89E548997F7}.Release R20|Any CPU.ActiveCfg = Release R20|Any CPU
		{CD60383D-F316-405F-9BC8-A89E548997F7}.Release R20|Any CPU.Build.0 = Release R20|Any CPU
		{CD60383D-F316-405F-9BC8-A89E548997F7}.Release R21|Any CPU.ActiveCfg = Release R21|Any CPU
		{CD60383D-F316-405F-9BC8-A89E548997F7}.Release R21|Any CPU.Build.0 = Release R21|Any CPU
		{CD60383D-F316-405F-9BC8-A89E548997F7}.Release R22|Any CPU.ActiveCfg = Release R22|Any CPU
		{CD60383D-F316-405F-9BC8-A89E548997F7}.Release R22|Any CPU.Build.0 = Release R22|Any CPU
		{CD60383D-F316-405F-9BC8-A89E548997F7}.Release R23|Any CPU.ActiveCfg = Release R23|Any CPU
		{CD60383D-F316-405F-9BC8-A89E548997F7}.Release R23|Any CPU.Build.0 = Release R23|Any CPU
		{CD60383D-F316-405F-9BC8-A89E548997F7}.Release R24|Any CPU.ActiveCfg = Release R24|Any CPU
		{CD60383D-F316-405F-9BC8-A89E548997F7}.Release R24|Any CPU.Build.0 = Release R24|Any CPU
		{CD60383D-F316-405F-9BC8-A89E548997F7}.Release R25|Any CPU.ActiveCfg = Release R25|Any CPU
		{CD60383D-F316-405F-9BC8-A89E548997F7}.Release R25|Any CPU.Build.0 = Release R25|Any CPU
		{D4174A54-04FF-4476-A6BE-D5FE09B5190F}.Debug R20|Any CPU.ActiveCfg = Debug R20|Any CPU
		{D4174A54-04FF-4476-A6BE-D5FE09B5190F}.Debug R20|Any CPU.Build.0 = Debug R20|Any CPU
		{D4174A54-04FF-4476-A6BE-D5FE09B5190F}.Debug R21|Any CPU.ActiveCfg = Debug R21|Any CPU
		{D4174A54-04FF-4476-A6BE-D5FE09B5190F}.Debug R21|Any CPU.Build.0 = Debug R21|Any CPU
		{D4174A54-04FF-4476-A6BE-D5FE09B5190F}.Debug R22|Any CPU.ActiveCfg = Debug R22|Any CPU
		{D4174A54-04FF-4476-A6BE-D5FE09B5190F}.Debug R22|Any CPU.Build.0 = Debug R22|Any CPU
		{D4174A54-04FF-4476-A6BE-D5FE09B5190F}.Debug R23|Any CPU.ActiveCfg = Debug R23|Any CPU
		{D4174A54-04FF-4476-A6BE-D5FE09B5190F}.Debug R23|Any CPU.Build.0 = Debug R23|Any CPU
		{D4174A54-04FF-4476-A6BE-D5FE09B5190F}.Debug R24|Any CPU.ActiveCfg = Debug R24|Any CPU
		{D4174A54-04FF-4476-A6BE-D5FE09B5190F}.Debug R24|Any CPU.Build.0 = Debug R24|Any CPU
		{D4174A54-04FF-4476-A6BE-D5FE09B5190F}.Debug R25|Any CPU.ActiveCfg = Debug R25|Any CPU
		{D4174A54-04FF-4476-A6BE-D5FE09B5190F}.Debug R25|Any CPU.Build.0 = Debug R25|Any CPU
		{D4174A54-04FF-4476-A6BE-D5FE09B5190F}.Release R20|Any CPU.ActiveCfg = Release R20|Any CPU
		{D4174A54-04FF-4476-A6BE-D5FE09B5190F}.Release R20|Any CPU.Build.0 = Release R20|Any CPU
		{D4174A54-04FF-4476-A6BE-D5FE09B5190F}.Release R21|Any CPU.ActiveCfg = Release R21|Any CPU
		{D4174A54-04FF-4476-A6BE-D5FE09B5190F}.Release R21|Any CPU.Build.0 = Release R21|Any CPU
		{D4174A54-04FF-4476-A6BE-D5FE09B5190F}.Release R22|Any CPU.ActiveCfg = Release R22|Any CPU
		{D4174A54-04FF-4476-A6BE-D5FE09B5190F}.Release R22|Any CPU.Build.0 = Release R22|Any CPU
		{D4174A54-04FF-4476-A6BE-D5FE09B5190F}.Release R23|Any CPU.ActiveCfg = Release R23|Any CPU
		{D4174A54-04FF-4476-A6BE-D5FE09B5190F}.Release R23|Any CPU.Build.0 = Release R23|Any CPU
		{D4174A54-04FF-4476-A6BE-D5FE09B5190F}.Release R24|Any CPU.ActiveCfg = Release R24|Any CPU
		{D4174A54-04FF-4476-A6BE-D5FE09B5190F}.Release R24|Any CPU.Build.0 = Release R24|Any CPU
		{D4174A54-04FF-4476-A6BE-D5FE09B5190F}.Release R25|Any CPU.ActiveCfg = Release R25|Any CPU
		{D4174A54-04FF-4476-A6BE-D5FE09B5190F}.Release R25|Any CPU.Build.0 = Release R25|Any CPU
		{367C83E9-40D3-46D5-ADB4-EDFC1F9C1352}.Debug R20|Any CPU.ActiveCfg = Debug R20|Any CPU
		{367C83E9-40D3-46D5-ADB4-EDFC1F9C1352}.Debug R20|Any CPU.Build.0 = Debug R20|Any CPU
		{367C83E9-40D3-46D5-ADB4-EDFC1F9C1352}.Debug R21|Any CPU.ActiveCfg = Debug R21|Any CPU
		{367C83E9-40D3-46D5-ADB4-EDFC1F9C1352}.Debug R21|Any CPU.Build.0 = Debug R21|Any CPU
		{367C83E9-40D3-46D5-ADB4-EDFC1F9C1352}.Debug R22|Any CPU.ActiveCfg = Debug R22|Any CPU
		{367C83E9-40D3-46D5-ADB4-EDFC1F9C1352}.Debug R22|Any CPU.Build.0 = Debug R22|Any CPU
		{367C83E9-40D3-46D5-ADB4-EDFC1F9C1352}.Debug R23|Any CPU.ActiveCfg = Debug R23|Any CPU
		{367C83E9-40D3-46D5-ADB4-EDFC1F9C1352}.Debug R23|Any CPU.Build.0 = Debug R23|Any CPU
		{367C83E9-40D3-46D5-ADB4-EDFC1F9C1352}.Debug R24|Any CPU.ActiveCfg = Debug R24|Any CPU
		{367C83E9-40D3-46D5-ADB4-EDFC1F9C1352}.Debug R24|Any CPU.Build.0 = Debug R24|Any CPU
		{367C83E9-40D3-46D5-ADB4-EDFC1F9C1352}.Debug R25|Any CPU.ActiveCfg = Debug R25|Any CPU
		{367C83E9-40D3-46D5-ADB4-EDFC1F9C1352}.Debug R25|Any CPU.Build.0 = Debug R25|Any CPU
		{367C83E9-40D3-46D5-ADB4-EDFC1F9C1352}.Release R20|Any CPU.ActiveCfg = Release R20|Any CPU
		{367C83E9-40D3-46D5-ADB4-EDFC1F9C1352}.Release R20|Any CPU.Build.0 = Release R20|Any CPU
		{367C83E9-40D3-46D5-ADB4-EDFC1F9C1352}.Release R21|Any CPU.ActiveCfg = Release R21|Any CPU
		{367C83E9-40D3-46D5-ADB4-EDFC1F9C1352}.Release R21|Any CPU.Build.0 = Release R21|Any CPU
		{367C83E9-40D3-46D5-ADB4-EDFC1F9C1352}.Release R22|Any CPU.ActiveCfg = Release R22|Any CPU
		{367C83E9-40D3-46D5-ADB4-EDFC1F9C1352}.Release R22|Any CPU.Build.0 = Release R22|Any CPU
		{367C83E9-40D3-46D5-ADB4-EDFC1F9C1352}.Release R23|Any CPU.ActiveCfg = Release R23|Any CPU
		{367C83E9-40D3-46D5-ADB4-EDFC1F9C1352}.Release R23|Any CPU.Build.0 = Release R23|Any CPU
		{367C83E9-40D3-46D5-ADB4-EDFC1F9C1352}.Release R24|Any CPU.ActiveCfg = Release R24|Any CPU
		{367C83E9-40D3-46D5-ADB4-EDFC1F9C1352}.Release R24|Any CPU.Build.0 = Release R24|Any CPU
		{367C83E9-40D3-46D5-ADB4-EDFC1F9C1352}.Release R25|Any CPU.ActiveCfg = Release R25|Any CPU
		{367C83E9-40D3-46D5-ADB4-EDFC1F9C1352}.Release R25|Any CPU.Build.0 = Release R25|Any CPU
		{87DA6955-6D00-45C5-AA1C-4810CAF38010}.Debug R20|Any CPU.ActiveCfg = Debug R20|Any CPU
		{87DA6955-6D00-45C5-AA1C-4810CAF38010}.Debug R20|Any CPU.Build.0 = Debug R20|Any CPU
		{87DA6955-6D00-45C5-AA1C-4810CAF38010}.Debug R21|Any CPU.ActiveCfg = Debug R21|Any CPU
		{87DA6955-6D00-45C5-AA1C-4810CAF38010}.Debug R21|Any CPU.Build.0 = Debug R21|Any CPU
		{87DA6955-6D00-45C5-AA1C-4810CAF38010}.Debug R22|Any CPU.ActiveCfg = Debug R22|Any CPU
		{87DA6955-6D00-45C5-AA1C-4810CAF38010}.Debug R22|Any CPU.Build.0 = Debug R22|Any CPU
		{87DA6955-6D00-45C5-AA1C-4810CAF38010}.Debug R23|Any CPU.ActiveCfg = Debug R23|Any CPU
		{87DA6955-6D00-45C5-AA1C-4810CAF38010}.Debug R23|Any CPU.Build.0 = Debug R23|Any CPU
		{87DA6955-6D00-45C5-AA1C-4810CAF38010}.Debug R24|Any CPU.ActiveCfg = Debug R24|Any CPU
		{87DA6955-6D00-45C5-AA1C-4810CAF38010}.Debug R24|Any CPU.Build.0 = Debug R24|Any CPU
		{87DA6955-6D00-45C5-AA1C-4810CAF38010}.Debug R25|Any CPU.ActiveCfg = Debug R25|Any CPU
		{87DA6955-6D00-45C5-AA1C-4810CAF38010}.Debug R25|Any CPU.Build.0 = Debug R25|Any CPU
		{87DA6955-6D00-45C5-AA1C-4810CAF38010}.Release R20|Any CPU.ActiveCfg = Release R20|Any CPU
		{87DA6955-6D00-45C5-AA1C-4810CAF38010}.Release R20|Any CPU.Build.0 = Release R20|Any CPU
		{87DA6955-6D00-45C5-AA1C-4810CAF38010}.Release R21|Any CPU.ActiveCfg = Release R21|Any CPU
		{87DA6955-6D00-45C5-AA1C-4810CAF38010}.Release R21|Any CPU.Build.0 = Release R21|Any CPU
		{87DA6955-6D00-45C5-AA1C-4810CAF38010}.Release R22|Any CPU.ActiveCfg = Release R22|Any CPU
		{87DA6955-6D00-45C5-AA1C-4810CAF38010}.Release R22|Any CPU.Build.0 = Release R22|Any CPU
		{87DA6955-6D00-45C5-AA1C-4810CAF38010}.Release R23|Any CPU.ActiveCfg = Release R23|Any CPU
		{87DA6955-6D00-45C5-AA1C-4810CAF38010}.Release R23|Any CPU.Build.0 = Release R23|Any CPU
		{87DA6955-6D00-45C5-AA1C-4810CAF38010}.Release R24|Any CPU.ActiveCfg = Release R24|Any CPU
		{87DA6955-6D00-45C5-AA1C-4810CAF38010}.Release R24|Any CPU.Build.0 = Release R24|Any CPU
		{87DA6955-6D00-45C5-AA1C-4810CAF38010}.Release R25|Any CPU.ActiveCfg = Release R25|Any CPU
		{87DA6955-6D00-45C5-AA1C-4810CAF38010}.Release R25|Any CPU.Build.0 = Release R25|Any CPU
		{9C8259FD-2C3B-451E-A36F-059746796144}.Debug R20|Any CPU.ActiveCfg = Debug R20|Any CPU
		{9C8259FD-2C3B-451E-A36F-059746796144}.Debug R20|Any CPU.Build.0 = Debug R20|Any CPU
		{9C8259FD-2C3B-451E-A36F-059746796144}.Debug R21|Any CPU.ActiveCfg = Debug R21|Any CPU
		{9C8259FD-2C3B-451E-A36F-059746796144}.Debug R21|Any CPU.Build.0 = Debug R21|Any CPU
		{9C8259FD-2C3B-451E-A36F-059746796144}.Debug R22|Any CPU.ActiveCfg = Debug R22|Any CPU
		{9C8259FD-2C3B-451E-A36F-059746796144}.Debug R22|Any CPU.Build.0 = Debug R22|Any CPU
		{9C8259FD-2C3B-451E-A36F-059746796144}.Debug R23|Any CPU.ActiveCfg = Debug R23|Any CPU
		{9C8259FD-2C3B-451E-A36F-059746796144}.Debug R23|Any CPU.Build.0 = Debug R23|Any CPU
		{9C8259FD-2C3B-451E-A36F-059746796144}.Debug R24|Any CPU.ActiveCfg = Debug R24|Any CPU
		{9C8259FD-2C3B-451E-A36F-059746796144}.Debug R24|Any CPU.Build.0 = Debug R24|Any CPU
		{9C8259FD-2C3B-451E-A36F-059746796144}.Debug R25|Any CPU.ActiveCfg = Debug R25|Any CPU
		{9C8259FD-2C3B-451E-A36F-059746796144}.Debug R25|Any CPU.Build.0 = Debug R25|Any CPU
		{9C8259FD-2C3B-451E-A36F-059746796144}.Release R20|Any CPU.ActiveCfg = Release R20|Any CPU
		{9C8259FD-2C3B-451E-A36F-059746796144}.Release R20|Any CPU.Build.0 = Release R20|Any CPU
		{9C8259FD-2C3B-451E-A36F-059746796144}.Release R21|Any CPU.ActiveCfg = Release R21|Any CPU
		{9C8259FD-2C3B-451E-A36F-059746796144}.Release R21|Any CPU.Build.0 = Release R21|Any CPU
		{9C8259FD-2C3B-451E-A36F-059746796144}.Release R22|Any CPU.ActiveCfg = Release R22|Any CPU
		{9C8259FD-2C3B-451E-A36F-059746796144}.Release R22|Any CPU.Build.0 = Release R22|Any CPU
		{9C8259FD-2C3B-451E-A36F-059746796144}.Release R23|Any CPU.ActiveCfg = Release R23|Any CPU
		{9C8259FD-2C3B-451E-A36F-059746796144}.Release R23|Any CPU.Build.0 = Release R23|Any CPU
		{9C8259FD-2C3B-451E-A36F-059746796144}.Release R24|Any CPU.ActiveCfg = Release R24|Any CPU
		{9C8259FD-2C3B-451E-A36F-059746796144}.Release R24|Any CPU.Build.0 = Release R24|Any CPU
		{9C8259FD-2C3B-451E-A36F-059746796144}.Release R25|Any CPU.ActiveCfg = Release R25|Any CPU
		{9C8259FD-2C3B-451E-A36F-059746796144}.Release R25|Any CPU.Build.0 = Release R25|Any CPU
		{760D027D-18F8-4DFC-A001-8AA4AFD573D0}.Debug R20|Any CPU.ActiveCfg = Debug R20|Any CPU
		{760D027D-18F8-4DFC-A001-8AA4AFD573D0}.Debug R20|Any CPU.Build.0 = Debug R20|Any CPU
		{760D027D-18F8-4DFC-A001-8AA4AFD573D0}.Debug R21|Any CPU.ActiveCfg = Debug R21|Any CPU
		{760D027D-18F8-4DFC-A001-8AA4AFD573D0}.Debug R21|Any CPU.Build.0 = Debug R21|Any CPU
		{760D027D-18F8-4DFC-A001-8AA4AFD573D0}.Debug R22|Any CPU.ActiveCfg = Debug R22|Any CPU
		{760D027D-18F8-4DFC-A001-8AA4AFD573D0}.Debug R22|Any CPU.Build.0 = Debug R22|Any CPU
		{760D027D-18F8-4DFC-A001-8AA4AFD573D0}.Debug R23|Any CPU.ActiveCfg = Debug R23|Any CPU
		{760D027D-18F8-4DFC-A001-8AA4AFD573D0}.Debug R23|Any CPU.Build.0 = Debug R23|Any CPU
		{760D027D-18F8-4DFC-A001-8AA4AFD573D0}.Debug R24|Any CPU.ActiveCfg = Debug R24|Any CPU
		{760D027D-18F8-4DFC-A001-8AA4AFD573D0}.Debug R24|Any CPU.Build.0 = Debug R24|Any CPU
		{760D027D-18F8-4DFC-A001-8AA4AFD573D0}.Debug R25|Any CPU.ActiveCfg = Debug R25|Any CPU
		{760D027D-18F8-4DFC-A001-8AA4AFD573D0}.Debug R25|Any CPU.Build.0 = Debug R25|Any CPU
		{760D027D-18F8-4DFC-A001-8AA4AFD573D0}.Release R20|Any CPU.ActiveCfg = Release R20|Any CPU
		{760D027D-18F8-4DFC-A001-8AA4AFD573D0}.Release R20|Any CPU.Build.0 = Release R20|Any CPU
		{760D027D-18F8-4DFC-A001-8AA4AFD573D0}.Release R21|Any CPU.ActiveCfg = Release R21|Any CPU
		{760D027D-18F8-4DFC-A001-8AA4AFD573D0}.Release R21|Any CPU.Build.0 = Release R21|Any CPU
		{760D027D-18F8-4DFC-A001-8AA4AFD573D0}.Release R22|Any CPU.ActiveCfg = Release R22|Any CPU
		{760D027D-18F8-4DFC-A001-8AA4AFD573D0}.Release R22|Any CPU.Build.0 = Release R22|Any CPU
		{760D027D-18F8-4DFC-A001-8AA4AFD573D0}.Release R23|Any CPU.ActiveCfg = Release R23|Any CPU
		{760D027D-18F8-4DFC-A001-8AA4AFD573D0}.Release R23|Any CPU.Build.0 = Release R23|Any CPU
		{760D027D-18F8-4DFC-A001-8AA4AFD573D0}.Release R24|Any CPU.ActiveCfg = Release R24|Any CPU
		{760D027D-18F8-4DFC-A001-8AA4AFD573D0}.Release R24|Any CPU.Build.0 = Release R24|Any CPU
		{760D027D-18F8-4DFC-A001-8AA4AFD573D0}.Release R25|Any CPU.ActiveCfg = Release R25|Any CPU
		{760D027D-18F8-4DFC-A001-8AA4AFD573D0}.Release R25|Any CPU.Build.0 = Release R25|Any CPU
		{52A847B1-D2E8-4D72-9814-07C641B2D684}.Release R22|Any CPU.ActiveCfg = Release R22|Any CPU
		{52A847B1-D2E8-4D72-9814-07C641B2D684}.Release R22|Any CPU.Build.0 = Release R22|Any CPU
		{52A847B1-D2E8-4D72-9814-07C641B2D684}.Debug R20|Any CPU.ActiveCfg = Debug R20|Any CPU
		{52A847B1-D2E8-4D72-9814-07C641B2D684}.Debug R20|Any CPU.Build.0 = Debug R20|Any CPU
		{52A847B1-D2E8-4D72-9814-07C641B2D684}.Debug R21|Any CPU.ActiveCfg = Debug R21|Any CPU
		{52A847B1-D2E8-4D72-9814-07C641B2D684}.Debug R21|Any CPU.Build.0 = Debug R21|Any CPU
		{52A847B1-D2E8-4D72-9814-07C641B2D684}.Debug R22|Any CPU.ActiveCfg = Debug R22|Any CPU
		{52A847B1-D2E8-4D72-9814-07C641B2D684}.Debug R22|Any CPU.Build.0 = Debug R22|Any CPU
		{52A847B1-D2E8-4D72-9814-07C641B2D684}.Debug R23|Any CPU.ActiveCfg = Debug R23|Any CPU
		{52A847B1-D2E8-4D72-9814-07C641B2D684}.Debug R24|Any CPU.ActiveCfg = Debug R24|Any CPU
		{52A847B1-D2E8-4D72-9814-07C641B2D684}.Debug R24|Any CPU.Build.0 = Debug R24|Any CPU
		{52A847B1-D2E8-4D72-9814-07C641B2D684}.Debug R25|Any CPU.ActiveCfg = Debug R25|Any CPU
		{52A847B1-D2E8-4D72-9814-07C641B2D684}.Debug R25|Any CPU.Build.0 = Debug R25|Any CPU
		{52A847B1-D2E8-4D72-9814-07C641B2D684}.Release R21|Any CPU.ActiveCfg = Release R21|Any CPU
		{52A847B1-D2E8-4D72-9814-07C641B2D684}.Release R23|Any CPU.ActiveCfg = Release R23|Any CPU
		{52A847B1-D2E8-4D72-9814-07C641B2D684}.Release R23|Any CPU.Build.0 = Release R23|Any CPU
		{52A847B1-D2E8-4D72-9814-07C641B2D684}.Release R24|Any CPU.ActiveCfg = Release R24|Any CPU
		{52A847B1-D2E8-4D72-9814-07C641B2D684}.Release R24|Any CPU.Build.0 = Release R24|Any CPU
		{52A847B1-D2E8-4D72-9814-07C641B2D684}.Release R25|Any CPU.ActiveCfg = Release R25|Any CPU
		{52A847B1-D2E8-4D72-9814-07C641B2D684}.Release R25|Any CPU.Build.0 = Release R25|Any CPU
		{52A847B1-D2E8-4D72-9814-07C641B2D684}.Release R21|Any CPU.Build.0 = Release R21|Any CPU
		{BDEE41C4-81F3-4593-9204-FFA180324535}.Debug R20|Any CPU.ActiveCfg = Debug R20|Any CPU
		{BDEE41C4-81F3-4593-9204-FFA180324535}.Debug R20|Any CPU.Build.0 = Debug R20|Any CPU
		{BDEE41C4-81F3-4593-9204-FFA180324535}.Debug R21|Any CPU.ActiveCfg = Debug R21|Any CPU
		{BDEE41C4-81F3-4593-9204-FFA180324535}.Debug R21|Any CPU.Build.0 = Debug R21|Any CPU
		{BDEE41C4-81F3-4593-9204-FFA180324535}.Debug R22|Any CPU.ActiveCfg = Debug R22|Any CPU
		{BDEE41C4-81F3-4593-9204-FFA180324535}.Debug R22|Any CPU.Build.0 = Debug R22|Any CPU
		{BDEE41C4-81F3-4593-9204-FFA180324535}.Debug R23|Any CPU.ActiveCfg = Debug R23|Any CPU
		{BDEE41C4-81F3-4593-9204-FFA180324535}.Debug R23|Any CPU.Build.0 = Debug R23|Any CPU
		{BDEE41C4-81F3-4593-9204-FFA180324535}.Debug R24|Any CPU.ActiveCfg = Debug R24|Any CPU
		{BDEE41C4-81F3-4593-9204-FFA180324535}.Debug R24|Any CPU.Build.0 = Debug R24|Any CPU
		{BDEE41C4-81F3-4593-9204-FFA180324535}.Debug R25|Any CPU.ActiveCfg = Debug R25|Any CPU
		{BDEE41C4-81F3-4593-9204-FFA180324535}.Debug R25|Any CPU.Build.0 = Debug R25|Any CPU
		{BDEE41C4-81F3-4593-9204-FFA180324535}.Release R20|Any CPU.ActiveCfg = Debug R20|Any CPU
		{BDEE41C4-81F3-4593-9204-FFA180324535}.Release R20|Any CPU.Build.0 = Debug R20|Any CPU
		{BDEE41C4-81F3-4593-9204-FFA180324535}.Release R21|Any CPU.ActiveCfg = Release R21|Any CPU
		{BDEE41C4-81F3-4593-9204-FFA180324535}.Release R21|Any CPU.Build.0 = Release R21|Any CPU
		{BDEE41C4-81F3-4593-9204-FFA180324535}.Release R22|Any CPU.ActiveCfg = Release R22|Any CPU
		{BDEE41C4-81F3-4593-9204-FFA180324535}.Release R22|Any CPU.Build.0 = Release R22|Any CPU
		{BDEE41C4-81F3-4593-9204-FFA180324535}.Release R23|Any CPU.ActiveCfg = Release R23|Any CPU
		{BDEE41C4-81F3-4593-9204-FFA180324535}.Release R23|Any CPU.Build.0 = Release R23|Any CPU
		{BDEE41C4-81F3-4593-9204-FFA180324535}.Release R24|Any CPU.ActiveCfg = Release R24|Any CPU
		{BDEE41C4-81F3-4593-9204-FFA180324535}.Release R24|Any CPU.Build.0 = Release R24|Any CPU
		{BDEE41C4-81F3-4593-9204-FFA180324535}.Release R25|Any CPU.ActiveCfg = Release R25|Any CPU
		{BDEE41C4-81F3-4593-9204-FFA180324535}.Release R25|Any CPU.Build.0 = Release R25|Any CPU
		{A48FD31C-CB8C-4BAB-8192-64E855B5C09C}.Debug R20|Any CPU.ActiveCfg = Debug|Any CPU
		{A48FD31C-CB8C-4BAB-8192-64E855B5C09C}.Debug R20|Any CPU.Build.0 = Debug|Any CPU
		{A48FD31C-CB8C-4BAB-8192-64E855B5C09C}.Debug R21|Any CPU.ActiveCfg = Debug|Any CPU
		{A48FD31C-CB8C-4BAB-8192-64E855B5C09C}.Debug R21|Any CPU.Build.0 = Debug|Any CPU
		{A48FD31C-CB8C-4BAB-8192-64E855B5C09C}.Debug R22|Any CPU.ActiveCfg = Debug|Any CPU
		{A48FD31C-CB8C-4BAB-8192-64E855B5C09C}.Debug R22|Any CPU.Build.0 = Debug|Any CPU
		{A48FD31C-CB8C-4BAB-8192-64E855B5C09C}.Debug R23|Any CPU.ActiveCfg = Debug|Any CPU
		{A48FD31C-CB8C-4BAB-8192-64E855B5C09C}.Debug R23|Any CPU.Build.0 = Debug|Any CPU
		{A48FD31C-CB8C-4BAB-8192-64E855B5C09C}.Debug R24|Any CPU.ActiveCfg = Debug|Any CPU
		{A48FD31C-CB8C-4BAB-8192-64E855B5C09C}.Debug R24|Any CPU.Build.0 = Debug|Any CPU
		{A48FD31C-CB8C-4BAB-8192-64E855B5C09C}.Debug R25|Any CPU.ActiveCfg = Debug|Any CPU
		{A48FD31C-CB8C-4BAB-8192-64E855B5C09C}.Debug R25|Any CPU.Build.0 = Debug|Any CPU
		{A48FD31C-CB8C-4BAB-8192-64E855B5C09C}.Release R20|Any CPU.ActiveCfg = Debug|Any CPU
		{A48FD31C-CB8C-4BAB-8192-64E855B5C09C}.Release R20|Any CPU.Build.0 = Debug|Any CPU
		{A48FD31C-CB8C-4BAB-8192-64E855B5C09C}.Release R21|Any CPU.ActiveCfg = Debug|Any CPU
		{A48FD31C-CB8C-4BAB-8192-64E855B5C09C}.Release R24|Any CPU.ActiveCfg = Debug|Any CPU
		{A48FD31C-CB8C-4BAB-8192-64E855B5C09C}.Release R24|Any CPU.Build.0 = Debug|Any CPU
		{A48FD31C-CB8C-4BAB-8192-64E855B5C09C}.Release R25|Any CPU.ActiveCfg = Debug|Any CPU
		{A48FD31C-CB8C-4BAB-8192-64E855B5C09C}.Release R25|Any CPU.Build.0 = Debug|Any CPU
		{A48FD31C-CB8C-4BAB-8192-64E855B5C09C}.Release R23|Any CPU.ActiveCfg = Release|Any CPU
		{A48FD31C-CB8C-4BAB-8192-64E855B5C09C}.Release R22|Any CPU.ActiveCfg = Release|Any CPU
		{BDF35224-5C6C-4CFE-BAF3-00F0EACD6A47}.Debug R20|Any CPU.ActiveCfg = Debug R20|Any CPU
		{BDF35224-5C6C-4CFE-BAF3-00F0EACD6A47}.Debug R20|Any CPU.Build.0 = Debug R20|Any CPU
		{BDF35224-5C6C-4CFE-BAF3-00F0EACD6A47}.Debug R21|Any CPU.ActiveCfg = Debug R21|Any CPU
		{BDF35224-5C6C-4CFE-BAF3-00F0EACD6A47}.Debug R21|Any CPU.Build.0 = Debug R21|Any CPU
		{BDF35224-5C6C-4CFE-BAF3-00F0EACD6A47}.Debug R22|Any CPU.ActiveCfg = Debug R22|Any CPU
		{BDF35224-5C6C-4CFE-BAF3-00F0EACD6A47}.Debug R22|Any CPU.Build.0 = Debug R22|Any CPU
		{BDF35224-5C6C-4CFE-BAF3-00F0EACD6A47}.Debug R23|Any CPU.ActiveCfg = Debug R23|Any CPU
		{BDF35224-5C6C-4CFE-BAF3-00F0EACD6A47}.Debug R23|Any CPU.Build.0 = Debug R23|Any CPU
		{BDF35224-5C6C-4CFE-BAF3-00F0EACD6A47}.Debug R24|Any CPU.ActiveCfg = Debug R24|Any CPU
		{BDF35224-5C6C-4CFE-BAF3-00F0EACD6A47}.Debug R24|Any CPU.Build.0 = Debug R24|Any CPU
		{BDF35224-5C6C-4CFE-BAF3-00F0EACD6A47}.Debug R25|Any CPU.ActiveCfg = Debug R25|Any CPU
		{BDF35224-5C6C-4CFE-BAF3-00F0EACD6A47}.Debug R25|Any CPU.Build.0 = Debug R25|Any CPU
		{BDF35224-5C6C-4CFE-BAF3-00F0EACD6A47}.Release R20|Any CPU.ActiveCfg = Release R20|Any CPU
		{BDF35224-5C6C-4CFE-BAF3-00F0EACD6A47}.Release R20|Any CPU.Build.0 = Release R20|Any CPU
		{BDF35224-5C6C-4CFE-BAF3-00F0EACD6A47}.Release R21|Any CPU.ActiveCfg = Release R21|Any CPU
		{BDF35224-5C6C-4CFE-BAF3-00F0EACD6A47}.Release R21|Any CPU.Build.0 = Release R21|Any CPU
		{BDF35224-5C6C-4CFE-BAF3-00F0EACD6A47}.Release R22|Any CPU.ActiveCfg = Release R22|Any CPU
		{BDF35224-5C6C-4CFE-BAF3-00F0EACD6A47}.Release R22|Any CPU.Build.0 = Release R22|Any CPU
		{BDF35224-5C6C-4CFE-BAF3-00F0EACD6A47}.Release R23|Any CPU.ActiveCfg = Release R23|Any CPU
		{BDF35224-5C6C-4CFE-BAF3-00F0EACD6A47}.Release R23|Any CPU.Build.0 = Release R23|Any CPU
		{BDF35224-5C6C-4CFE-BAF3-00F0EACD6A47}.Release R24|Any CPU.ActiveCfg = Release R24|Any CPU
		{BDF35224-5C6C-4CFE-BAF3-00F0EACD6A47}.Release R24|Any CPU.Build.0 = Release R24|Any CPU
		{BDF35224-5C6C-4CFE-BAF3-00F0EACD6A47}.Release R25|Any CPU.ActiveCfg = Release R25|Any CPU
		{BDF35224-5C6C-4CFE-BAF3-00F0EACD6A47}.Release R25|Any CPU.Build.0 = Release R25|Any CPU
		{1BC4BDFA-45EB-4EC2-ADF4-A93D5114E6B1}.Debug R20|Any CPU.ActiveCfg = Debug R20|Any CPU
		{1BC4BDFA-45EB-4EC2-ADF4-A93D5114E6B1}.Debug R20|Any CPU.Build.0 = Debug R20|Any CPU
		{1BC4BDFA-45EB-4EC2-ADF4-A93D5114E6B1}.Debug R21|Any CPU.ActiveCfg = Debug R21|Any CPU
		{1BC4BDFA-45EB-4EC2-ADF4-A93D5114E6B1}.Debug R21|Any CPU.Build.0 = Debug R21|Any CPU
		{1BC4BDFA-45EB-4EC2-ADF4-A93D5114E6B1}.Debug R22|Any CPU.ActiveCfg = Debug R22|Any CPU
		{1BC4BDFA-45EB-4EC2-ADF4-A93D5114E6B1}.Debug R22|Any CPU.Build.0 = Debug R22|Any CPU
		{1BC4BDFA-45EB-4EC2-ADF4-A93D5114E6B1}.Debug R23|Any CPU.ActiveCfg = Debug R23|Any CPU
		{1BC4BDFA-45EB-4EC2-ADF4-A93D5114E6B1}.Debug R23|Any CPU.Build.0 = Debug R23|Any CPU
		{1BC4BDFA-45EB-4EC2-ADF4-A93D5114E6B1}.Debug R24|Any CPU.ActiveCfg = Debug R24|Any CPU
		{1BC4BDFA-45EB-4EC2-ADF4-A93D5114E6B1}.Debug R24|Any CPU.Build.0 = Debug R24|Any CPU
		{1BC4BDFA-45EB-4EC2-ADF4-A93D5114E6B1}.Debug R25|Any CPU.ActiveCfg = Debug R25|Any CPU
		{1BC4BDFA-45EB-4EC2-ADF4-A93D5114E6B1}.Debug R25|Any CPU.Build.0 = Debug R25|Any CPU
		{1BC4BDFA-45EB-4EC2-ADF4-A93D5114E6B1}.Release R20|Any CPU.ActiveCfg = Release R20|Any CPU
		{1BC4BDFA-45EB-4EC2-ADF4-A93D5114E6B1}.Release R20|Any CPU.Build.0 = Release R20|Any CPU
		{1BC4BDFA-45EB-4EC2-ADF4-A93D5114E6B1}.Release R21|Any CPU.ActiveCfg = Release R21|Any CPU
		{1BC4BDFA-45EB-4EC2-ADF4-A93D5114E6B1}.Release R21|Any CPU.Build.0 = Release R21|Any CPU
		{1BC4BDFA-45EB-4EC2-ADF4-A93D5114E6B1}.Release R22|Any CPU.ActiveCfg = Release R22|Any CPU
		{1BC4BDFA-45EB-4EC2-ADF4-A93D5114E6B1}.Release R22|Any CPU.Build.0 = Release R22|Any CPU
		{1BC4BDFA-45EB-4EC2-ADF4-A93D5114E6B1}.Release R23|Any CPU.ActiveCfg = Release R23|Any CPU
		{1BC4BDFA-45EB-4EC2-ADF4-A93D5114E6B1}.Release R23|Any CPU.Build.0 = Release R23|Any CPU
		{1BC4BDFA-45EB-4EC2-ADF4-A93D5114E6B1}.Release R24|Any CPU.ActiveCfg = Release R24|Any CPU
		{1BC4BDFA-45EB-4EC2-ADF4-A93D5114E6B1}.Release R24|Any CPU.Build.0 = Release R24|Any CPU
		{1BC4BDFA-45EB-4EC2-ADF4-A93D5114E6B1}.Release R25|Any CPU.ActiveCfg = Release R25|Any CPU
		{1BC4BDFA-45EB-4EC2-ADF4-A93D5114E6B1}.Release R25|Any CPU.Build.0 = Release R25|Any CPU
		{31FDEE39-5CF5-420C-A407-B4FDD0EE4D9F}.Debug R20|Any CPU.ActiveCfg = Debug R20|Any CPU
		{31FDEE39-5CF5-420C-A407-B4FDD0EE4D9F}.Debug R20|Any CPU.Build.0 = Debug R20|Any CPU
		{31FDEE39-5CF5-420C-A407-B4FDD0EE4D9F}.Debug R21|Any CPU.ActiveCfg = Debug R21|Any CPU
		{31FDEE39-5CF5-420C-A407-B4FDD0EE4D9F}.Debug R21|Any CPU.Build.0 = Debug R21|Any CPU
		{31FDEE39-5CF5-420C-A407-B4FDD0EE4D9F}.Debug R22|Any CPU.ActiveCfg = Debug R22|Any CPU
		{31FDEE39-5CF5-420C-A407-B4FDD0EE4D9F}.Debug R22|Any CPU.Build.0 = Debug R22|Any CPU
		{31FDEE39-5CF5-420C-A407-B4FDD0EE4D9F}.Debug R23|Any CPU.ActiveCfg = Debug R23|Any CPU
		{31FDEE39-5CF5-420C-A407-B4FDD0EE4D9F}.Debug R23|Any CPU.Build.0 = Debug R23|Any CPU
		{31FDEE39-5CF5-420C-A407-B4FDD0EE4D9F}.Debug R24|Any CPU.ActiveCfg = Debug R24|Any CPU
		{31FDEE39-5CF5-420C-A407-B4FDD0EE4D9F}.Debug R24|Any CPU.Build.0 = Debug R24|Any CPU
		{31FDEE39-5CF5-420C-A407-B4FDD0EE4D9F}.Debug R25|Any CPU.ActiveCfg = Debug R25|Any CPU
		{31FDEE39-5CF5-420C-A407-B4FDD0EE4D9F}.Debug R25|Any CPU.Build.0 = Debug R25|Any CPU
		{31FDEE39-5CF5-420C-A407-B4FDD0EE4D9F}.Release R20|Any CPU.ActiveCfg = Release R20|Any CPU
		{31FDEE39-5CF5-420C-A407-B4FDD0EE4D9F}.Release R20|Any CPU.Build.0 = Release R20|Any CPU
		{31FDEE39-5CF5-420C-A407-B4FDD0EE4D9F}.Release R21|Any CPU.ActiveCfg = Release R21|Any CPU
		{31FDEE39-5CF5-420C-A407-B4FDD0EE4D9F}.Release R21|Any CPU.Build.0 = Release R21|Any CPU
		{31FDEE39-5CF5-420C-A407-B4FDD0EE4D9F}.Release R22|Any CPU.ActiveCfg = Release R22|Any CPU
		{31FDEE39-5CF5-420C-A407-B4FDD0EE4D9F}.Release R22|Any CPU.Build.0 = Release R22|Any CPU
		{31FDEE39-5CF5-420C-A407-B4FDD0EE4D9F}.Release R23|Any CPU.ActiveCfg = Release R23|Any CPU
		{31FDEE39-5CF5-420C-A407-B4FDD0EE4D9F}.Release R23|Any CPU.Build.0 = Release R23|Any CPU
		{31FDEE39-5CF5-420C-A407-B4FDD0EE4D9F}.Release R24|Any CPU.ActiveCfg = Release R24|Any CPU
		{31FDEE39-5CF5-420C-A407-B4FDD0EE4D9F}.Release R24|Any CPU.Build.0 = Release R24|Any CPU
		{31FDEE39-5CF5-420C-A407-B4FDD0EE4D9F}.Release R25|Any CPU.ActiveCfg = Release R25|Any CPU
		{31FDEE39-5CF5-420C-A407-B4FDD0EE4D9F}.Release R25|Any CPU.Build.0 = Release R25|Any CPU
		{DFC5A21D-1E3D-4265-BA33-07D963BC8CB6}.Debug R20|Any CPU.ActiveCfg = Debug R22|Any CPU
		{DFC5A21D-1E3D-4265-BA33-07D963BC8CB6}.Debug R20|Any CPU.Build.0 = Debug R22|Any CPU
		{DFC5A21D-1E3D-4265-BA33-07D963BC8CB6}.Debug R21|Any CPU.ActiveCfg = Debug R22|Any CPU
		{DFC5A21D-1E3D-4265-BA33-07D963BC8CB6}.Debug R21|Any CPU.Build.0 = Debug R22|Any CPU
		{DFC5A21D-1E3D-4265-BA33-07D963BC8CB6}.Debug R22|Any CPU.ActiveCfg = Debug R22|Any CPU
		{DFC5A21D-1E3D-4265-BA33-07D963BC8CB6}.Debug R22|Any CPU.Build.0 = Debug R22|Any CPU
		{DFC5A21D-1E3D-4265-BA33-07D963BC8CB6}.Debug R23|Any CPU.ActiveCfg = Debug R23|Any CPU
		{DFC5A21D-1E3D-4265-BA33-07D963BC8CB6}.Debug R23|Any CPU.Build.0 = Debug R23|Any CPU
		{DFC5A21D-1E3D-4265-BA33-07D963BC8CB6}.Debug R24|Any CPU.ActiveCfg = Debug R24|Any CPU
		{DFC5A21D-1E3D-4265-BA33-07D963BC8CB6}.Debug R24|Any CPU.Build.0 = Debug R24|Any CPU
		{DFC5A21D-1E3D-4265-BA33-07D963BC8CB6}.Debug R25|Any CPU.ActiveCfg = Debug R25|Any CPU
		{DFC5A21D-1E3D-4265-BA33-07D963BC8CB6}.Debug R25|Any CPU.Build.0 = Debug R25|Any CPU
		{DFC5A21D-1E3D-4265-BA33-07D963BC8CB6}.Release R21|Any CPU.ActiveCfg = Release R22|Any CPU
		{DFC5A21D-1E3D-4265-BA33-07D963BC8CB6}.Release R21|Any CPU.Build.0 = Release R22|Any CPU
		{DFC5A21D-1E3D-4265-BA33-07D963BC8CB6}.Release R22|Any CPU.ActiveCfg = Release R22|Any CPU
		{DFC5A21D-1E3D-4265-BA33-07D963BC8CB6}.Release R22|Any CPU.Build.0 = Release R22|Any CPU
		{DFC5A21D-1E3D-4265-BA33-07D963BC8CB6}.Release R23|Any CPU.ActiveCfg = Debug R23|Any CPU
		{DFC5A21D-1E3D-4265-BA33-07D963BC8CB6}.Release R23|Any CPU.Build.0 = Debug R23|Any CPU
		{DFC5A21D-1E3D-4265-BA33-07D963BC8CB6}.Release R24|Any CPU.ActiveCfg = Debug R24|Any CPU
		{DFC5A21D-1E3D-4265-BA33-07D963BC8CB6}.Release R24|Any CPU.Build.0 = Debug R24|Any CPU
		{DFC5A21D-1E3D-4265-BA33-07D963BC8CB6}.Release R25|Any CPU.ActiveCfg = Release R25|Any CPU
		{DFC5A21D-1E3D-4265-BA33-07D963BC8CB6}.Release R25|Any CPU.Build.0 = Release R25|Any CPU
		{0E742A02-8679-473F-9ED8-DDE338F8C7D2}.Debug R20|Any CPU.ActiveCfg = Debug R20|Any CPU
		{0E742A02-8679-473F-9ED8-DDE338F8C7D2}.Debug R20|Any CPU.Build.0 = Debug R20|Any CPU
		{0E742A02-8679-473F-9ED8-DDE338F8C7D2}.Debug R21|Any CPU.ActiveCfg = Debug R21|Any CPU
		{0E742A02-8679-473F-9ED8-DDE338F8C7D2}.Debug R21|Any CPU.Build.0 = Debug R21|Any CPU
		{0E742A02-8679-473F-9ED8-DDE338F8C7D2}.Debug R22|Any CPU.ActiveCfg = Debug R22|Any CPU
		{0E742A02-8679-473F-9ED8-DDE338F8C7D2}.Debug R22|Any CPU.Build.0 = Debug R22|Any CPU
		{0E742A02-8679-473F-9ED8-DDE338F8C7D2}.Debug R23|Any CPU.ActiveCfg = Debug R23|Any CPU
		{0E742A02-8679-473F-9ED8-DDE338F8C7D2}.Debug R23|Any CPU.Build.0 = Debug R23|Any CPU
		{0E742A02-8679-473F-9ED8-DDE338F8C7D2}.Debug R24|Any CPU.ActiveCfg = Debug R24|Any CPU
		{0E742A02-8679-473F-9ED8-DDE338F8C7D2}.Debug R24|Any CPU.Build.0 = Debug R24|Any CPU
		{0E742A02-8679-473F-9ED8-DDE338F8C7D2}.Debug R25|Any CPU.ActiveCfg = Debug R25|Any CPU
		{0E742A02-8679-473F-9ED8-DDE338F8C7D2}.Debug R25|Any CPU.Build.0 = Debug R25|Any CPU
		{0E742A02-8679-473F-9ED8-DDE338F8C7D2}.Release R20|Any CPU.ActiveCfg = Release R20|Any CPU
		{0E742A02-8679-473F-9ED8-DDE338F8C7D2}.Release R20|Any CPU.Build.0 = Release R20|Any CPU
		{0E742A02-8679-473F-9ED8-DDE338F8C7D2}.Release R21|Any CPU.ActiveCfg = Release R21|Any CPU
		{0E742A02-8679-473F-9ED8-DDE338F8C7D2}.Release R21|Any CPU.Build.0 = Release R21|Any CPU
		{0E742A02-8679-473F-9ED8-DDE338F8C7D2}.Release R22|Any CPU.ActiveCfg = Release R22|Any CPU
		{0E742A02-8679-473F-9ED8-DDE338F8C7D2}.Release R22|Any CPU.Build.0 = Release R22|Any CPU
		{0E742A02-8679-473F-9ED8-DDE338F8C7D2}.Release R23|Any CPU.ActiveCfg = Release R23|Any CPU
		{0E742A02-8679-473F-9ED8-DDE338F8C7D2}.Release R23|Any CPU.Build.0 = Release R23|Any CPU
		{0E742A02-8679-473F-9ED8-DDE338F8C7D2}.Release R24|Any CPU.ActiveCfg = Release R24|Any CPU
		{0E742A02-8679-473F-9ED8-DDE338F8C7D2}.Release R24|Any CPU.Build.0 = Release R24|Any CPU
		{0E742A02-8679-473F-9ED8-DDE338F8C7D2}.Release R25|Any CPU.ActiveCfg = Release R25|Any CPU
		{0E742A02-8679-473F-9ED8-DDE338F8C7D2}.Release R25|Any CPU.Build.0 = Release R25|Any CPU
		{101431C7-97C3-4830-8768-FF0239BF8BE4}.Debug R20|Any CPU.ActiveCfg = Debug|Any CPU
		{101431C7-97C3-4830-8768-FF0239BF8BE4}.Debug R20|Any CPU.Build.0 = Debug|Any CPU
		{101431C7-97C3-4830-8768-FF0239BF8BE4}.Debug R21|Any CPU.ActiveCfg = Debug|Any CPU
		{101431C7-97C3-4830-8768-FF0239BF8BE4}.Debug R21|Any CPU.Build.0 = Debug|Any CPU
		{101431C7-97C3-4830-8768-FF0239BF8BE4}.Debug R22|Any CPU.ActiveCfg = Debug|Any CPU
		{101431C7-97C3-4830-8768-FF0239BF8BE4}.Debug R22|Any CPU.Build.0 = Debug|Any CPU
		{101431C7-97C3-4830-8768-FF0239BF8BE4}.Debug R23|Any CPU.ActiveCfg = Debug|Any CPU
		{101431C7-97C3-4830-8768-FF0239BF8BE4}.Debug R23|Any CPU.Build.0 = Debug|Any CPU
		{101431C7-97C3-4830-8768-FF0239BF8BE4}.Debug R24|Any CPU.ActiveCfg = Debug|Any CPU
		{101431C7-97C3-4830-8768-FF0239BF8BE4}.Debug R24|Any CPU.Build.0 = Debug|Any CPU
		{101431C7-97C3-4830-8768-FF0239BF8BE4}.Debug R25|Any CPU.ActiveCfg = Debug|Any CPU
		{101431C7-97C3-4830-8768-FF0239BF8BE4}.Debug R25|Any CPU.Build.0 = Debug|Any CPU
		{101431C7-97C3-4830-8768-FF0239BF8BE4}.Release R20|Any CPU.ActiveCfg = Debug|Any CPU
		{101431C7-97C3-4830-8768-FF0239BF8BE4}.Release R20|Any CPU.Build.0 = Debug|Any CPU
		{101431C7-97C3-4830-8768-FF0239BF8BE4}.Release R21|Any CPU.ActiveCfg = Debug|Any CPU
		{101431C7-97C3-4830-8768-FF0239BF8BE4}.Release R21|Any CPU.Build.0 = Debug|Any CPU
		{101431C7-97C3-4830-8768-FF0239BF8BE4}.Release R22|Any CPU.ActiveCfg = Debug|Any CPU
		{101431C7-97C3-4830-8768-FF0239BF8BE4}.Release R22|Any CPU.Build.0 = Debug|Any CPU
		{101431C7-97C3-4830-8768-FF0239BF8BE4}.Release R23|Any CPU.ActiveCfg = Debug|Any CPU
		{101431C7-97C3-4830-8768-FF0239BF8BE4}.Release R23|Any CPU.Build.0 = Debug|Any CPU
		{101431C7-97C3-4830-8768-FF0239BF8BE4}.Release R24|Any CPU.ActiveCfg = Debug|Any CPU
		{101431C7-97C3-4830-8768-FF0239BF8BE4}.Release R24|Any CPU.Build.0 = Debug|Any CPU
		{101431C7-97C3-4830-8768-FF0239BF8BE4}.Release R25|Any CPU.ActiveCfg = Debug|Any CPU
		{101431C7-97C3-4830-8768-FF0239BF8BE4}.Release R25|Any CPU.Build.0 = Debug|Any CPU
		{48611D5F-DB78-4AA2-B43A-799AA255CA27}.Debug R20|Any CPU.ActiveCfg = Debug|Any CPU
		{48611D5F-DB78-4AA2-B43A-799AA255CA27}.Debug R20|Any CPU.Build.0 = Debug|Any CPU
		{48611D5F-DB78-4AA2-B43A-799AA255CA27}.Debug R21|Any CPU.ActiveCfg = Debug|Any CPU
		{48611D5F-DB78-4AA2-B43A-799AA255CA27}.Debug R21|Any CPU.Build.0 = Debug|Any CPU
		{48611D5F-DB78-4AA2-B43A-799AA255CA27}.Debug R22|Any CPU.ActiveCfg = Debug|Any CPU
		{48611D5F-DB78-4AA2-B43A-799AA255CA27}.Debug R22|Any CPU.Build.0 = Debug|Any CPU
		{48611D5F-DB78-4AA2-B43A-799AA255CA27}.Debug R23|Any CPU.ActiveCfg = Debug|Any CPU
		{48611D5F-DB78-4AA2-B43A-799AA255CA27}.Debug R23|Any CPU.Build.0 = Debug|Any CPU
		{48611D5F-DB78-4AA2-B43A-799AA255CA27}.Debug R24|Any CPU.ActiveCfg = Debug|Any CPU
		{48611D5F-DB78-4AA2-B43A-799AA255CA27}.Debug R24|Any CPU.Build.0 = Debug|Any CPU
		{48611D5F-DB78-4AA2-B43A-799AA255CA27}.Debug R25|Any CPU.ActiveCfg = Debug|Any CPU
		{48611D5F-DB78-4AA2-B43A-799AA255CA27}.Debug R25|Any CPU.Build.0 = Debug|Any CPU
		{48611D5F-DB78-4AA2-B43A-799AA255CA27}.Release R20|Any CPU.ActiveCfg = Debug|Any CPU
		{48611D5F-DB78-4AA2-B43A-799AA255CA27}.Release R20|Any CPU.Build.0 = Debug|Any CPU
		{48611D5F-DB78-4AA2-B43A-799AA255CA27}.Release R21|Any CPU.ActiveCfg = Debug|Any CPU
		{48611D5F-DB78-4AA2-B43A-799AA255CA27}.Release R21|Any CPU.Build.0 = Debug|Any CPU
		{48611D5F-DB78-4AA2-B43A-799AA255CA27}.Release R22|Any CPU.ActiveCfg = Debug|Any CPU
		{48611D5F-DB78-4AA2-B43A-799AA255CA27}.Release R22|Any CPU.Build.0 = Debug|Any CPU
		{48611D5F-DB78-4AA2-B43A-799AA255CA27}.Release R23|Any CPU.ActiveCfg = Debug|Any CPU
		{48611D5F-DB78-4AA2-B43A-799AA255CA27}.Release R23|Any CPU.Build.0 = Debug|Any CPU
		{48611D5F-DB78-4AA2-B43A-799AA255CA27}.Release R24|Any CPU.ActiveCfg = Debug|Any CPU
		{48611D5F-DB78-4AA2-B43A-799AA255CA27}.Release R24|Any CPU.Build.0 = Debug|Any CPU
		{48611D5F-DB78-4AA2-B43A-799AA255CA27}.Release R25|Any CPU.ActiveCfg = Debug|Any CPU
		{48611D5F-DB78-4AA2-B43A-799AA255CA27}.Release R25|Any CPU.Build.0 = Debug|Any CPU
		{0C4DFAD1-6B06-4D18-A41F-5308A74F9894}.Debug R20|Any CPU.ActiveCfg = Debug R20|Any CPU
		{0C4DFAD1-6B06-4D18-A41F-5308A74F9894}.Debug R20|Any CPU.Build.0 = Debug R20|Any CPU
		{0C4DFAD1-6B06-4D18-A41F-5308A74F9894}.Debug R21|Any CPU.ActiveCfg = Debug R21|Any CPU
		{0C4DFAD1-6B06-4D18-A41F-5308A74F9894}.Debug R21|Any CPU.Build.0 = Debug R21|Any CPU
		{0C4DFAD1-6B06-4D18-A41F-5308A74F9894}.Debug R22|Any CPU.ActiveCfg = Debug R22|Any CPU
		{0C4DFAD1-6B06-4D18-A41F-5308A74F9894}.Debug R22|Any CPU.Build.0 = Debug R22|Any CPU
		{0C4DFAD1-6B06-4D18-A41F-5308A74F9894}.Debug R23|Any CPU.ActiveCfg = Debug R23|Any CPU
		{0C4DFAD1-6B06-4D18-A41F-5308A74F9894}.Debug R23|Any CPU.Build.0 = Debug R23|Any CPU
		{0C4DFAD1-6B06-4D18-A41F-5308A74F9894}.Debug R24|Any CPU.ActiveCfg = Debug R24|Any CPU
		{0C4DFAD1-6B06-4D18-A41F-5308A74F9894}.Debug R24|Any CPU.Build.0 = Debug R24|Any CPU
		{0C4DFAD1-6B06-4D18-A41F-5308A74F9894}.Debug R25|Any CPU.ActiveCfg = Debug R25|Any CPU
		{0C4DFAD1-6B06-4D18-A41F-5308A74F9894}.Debug R25|Any CPU.Build.0 = Debug R25|Any CPU
		{0C4DFAD1-6B06-4D18-A41F-5308A74F9894}.Release R20|Any CPU.ActiveCfg = Release R20|Any CPU
		{0C4DFAD1-6B06-4D18-A41F-5308A74F9894}.Release R20|Any CPU.Build.0 = Release R20|Any CPU
		{0C4DFAD1-6B06-4D18-A41F-5308A74F9894}.Release R21|Any CPU.ActiveCfg = Release R21|Any CPU
		{0C4DFAD1-6B06-4D18-A41F-5308A74F9894}.Release R21|Any CPU.Build.0 = Release R21|Any CPU
		{0C4DFAD1-6B06-4D18-A41F-5308A74F9894}.Release R22|Any CPU.ActiveCfg = Release R22|Any CPU
		{0C4DFAD1-6B06-4D18-A41F-5308A74F9894}.Release R22|Any CPU.Build.0 = Release R22|Any CPU
		{0C4DFAD1-6B06-4D18-A41F-5308A74F9894}.Release R23|Any CPU.ActiveCfg = Release R23|Any CPU
		{0C4DFAD1-6B06-4D18-A41F-5308A74F9894}.Release R23|Any CPU.Build.0 = Release R23|Any CPU
		{0C4DFAD1-6B06-4D18-A41F-5308A74F9894}.Release R24|Any CPU.ActiveCfg = Release R24|Any CPU
		{0C4DFAD1-6B06-4D18-A41F-5308A74F9894}.Release R24|Any CPU.Build.0 = Release R24|Any CPU
		{0C4DFAD1-6B06-4D18-A41F-5308A74F9894}.Release R25|Any CPU.ActiveCfg = Release R25|Any CPU
		{0C4DFAD1-6B06-4D18-A41F-5308A74F9894}.Release R25|Any CPU.Build.0 = Release R25|Any CPU
		{C58593B5-6999-4C63-9C93-C1DBE317D43B}.Debug R20|Any CPU.ActiveCfg = Debug R20|Any CPU
		{C58593B5-6999-4C63-9C93-C1DBE317D43B}.Debug R20|Any CPU.Build.0 = Debug R20|Any CPU
		{C58593B5-6999-4C63-9C93-C1DBE317D43B}.Debug R21|Any CPU.ActiveCfg = Debug R21|Any CPU
		{C58593B5-6999-4C63-9C93-C1DBE317D43B}.Debug R21|Any CPU.Build.0 = Debug R21|Any CPU
		{C58593B5-6999-4C63-9C93-C1DBE317D43B}.Debug R22|Any CPU.ActiveCfg = Debug R22|Any CPU
		{C58593B5-6999-4C63-9C93-C1DBE317D43B}.Debug R22|Any CPU.Build.0 = Debug R22|Any CPU
		{C58593B5-6999-4C63-9C93-C1DBE317D43B}.Debug R23|Any CPU.ActiveCfg = Debug R23|Any CPU
		{C58593B5-6999-4C63-9C93-C1DBE317D43B}.Debug R23|Any CPU.Build.0 = Debug R23|Any CPU
		{C58593B5-6999-4C63-9C93-C1DBE317D43B}.Debug R24|Any CPU.ActiveCfg = Debug R24|Any CPU
		{C58593B5-6999-4C63-9C93-C1DBE317D43B}.Debug R24|Any CPU.Build.0 = Debug R24|Any CPU
		{C58593B5-6999-4C63-9C93-C1DBE317D43B}.Debug R25|Any CPU.ActiveCfg = Debug R25|Any CPU
		{C58593B5-6999-4C63-9C93-C1DBE317D43B}.Debug R25|Any CPU.Build.0 = Debug R25|Any CPU
		{C58593B5-6999-4C63-9C93-C1DBE317D43B}.Release R20|Any CPU.ActiveCfg = Release R20|Any CPU
		{C58593B5-6999-4C63-9C93-C1DBE317D43B}.Release R20|Any CPU.Build.0 = Release R20|Any CPU
		{C58593B5-6999-4C63-9C93-C1DBE317D43B}.Release R21|Any CPU.ActiveCfg = Release R21|Any CPU
		{C58593B5-6999-4C63-9C93-C1DBE317D43B}.Release R21|Any CPU.Build.0 = Release R21|Any CPU
		{C58593B5-6999-4C63-9C93-C1DBE317D43B}.Release R22|Any CPU.ActiveCfg = Release R22|Any CPU
		{C58593B5-6999-4C63-9C93-C1DBE317D43B}.Release R22|Any CPU.Build.0 = Release R22|Any CPU
		{C58593B5-6999-4C63-9C93-C1DBE317D43B}.Release R23|Any CPU.ActiveCfg = Release R23|Any CPU
		{C58593B5-6999-4C63-9C93-C1DBE317D43B}.Release R23|Any CPU.Build.0 = Release R23|Any CPU
		{C58593B5-6999-4C63-9C93-C1DBE317D43B}.Release R24|Any CPU.ActiveCfg = Release R24|Any CPU
		{C58593B5-6999-4C63-9C93-C1DBE317D43B}.Release R24|Any CPU.Build.0 = Release R24|Any CPU
		{C58593B5-6999-4C63-9C93-C1DBE317D43B}.Release R25|Any CPU.ActiveCfg = Release R25|Any CPU
		{C58593B5-6999-4C63-9C93-C1DBE317D43B}.Release R25|Any CPU.Build.0 = Release R25|Any CPU
	EndGlobalSection
	GlobalSection(NestedProjects) = preSolution
		{D4174A54-04FF-4476-A6BE-D5FE09B5190F} = {1C317F91-4032-4348-9E74-BBEF1138A3E5}
		{367C83E9-40D3-46D5-ADB4-EDFC1F9C1352} = {A596F46B-3B79-428B-84F6-8DD082EE650D}
		{87DA6955-6D00-45C5-AA1C-4810CAF38010} = {A596F46B-3B79-428B-84F6-8DD082EE650D}
		{9C8259FD-2C3B-451E-A36F-059746796144} = {A596F46B-3B79-428B-84F6-8DD082EE650D}
		{760D027D-18F8-4DFC-A001-8AA4AFD573D0} = {A596F46B-3B79-428B-84F6-8DD082EE650D}
		{A48FD31C-CB8C-4BAB-8192-64E855B5C09C} = {F3956C35-CDFA-49DA-A171-3A8CB20486EE}
		{BDF35224-5C6C-4CFE-BAF3-00F0EACD6A47} = {9F9958EA-7D27-4090-9700-85CCC2603183}
		{1BC4BDFA-45EB-4EC2-ADF4-A93D5114E6B1} = {9F9958EA-7D27-4090-9700-85CCC2603183}
		{31FDEE39-5CF5-420C-A407-B4FDD0EE4D9F} = {9F9958EA-7D27-4090-9700-85CCC2603183}
		{0E742A02-8679-473F-9ED8-DDE338F8C7D2} = {1C317F91-4032-4348-9E74-BBEF1138A3E5}
		{0C4DFAD1-6B06-4D18-A41F-5308A74F9894} = {38114640-BD93-4894-BF1E-6A15690D3A31}
		{C58593B5-6999-4C63-9C93-C1DBE317D43B} = {4AAA2A78-086E-4B47-BCE8-DA4855F13B46}
	EndGlobalSection
EndGlobal
